// !$*UTF8*$!
{
	archiveVersion = 1;
	classes = {
	};
	objectVersion = 46;
	objects = {

/* Begin PBXBuildFile section */
		2901EDFA189F123700957900 /* ChandlerUnitsView.m in Sources */ = {isa = PBXBuildFile; fileRef = 2901EDF9189F123700957900 /* ChandlerUnitsView.m */; };
		2901EDFD189F445800957900 /* VerifyDialog.m in Sources */ = {isa = PBXBuildFile; fileRef = 2901EDFC189F445800957900 /* VerifyDialog.m */; };
		2907852A1883B032008B1B7D /* Foundation.framework in Frameworks */ = {isa = PBXBuildFile; fileRef = 290785291883B032008B1B7D /* Foundation.framework */; };
		2907852C1883B032008B1B7D /* CoreGraphics.framework in Frameworks */ = {isa = PBXBuildFile; fileRef = 2907852B1883B032008B1B7D /* CoreGraphics.framework */; };
		2907852E1883B032008B1B7D /* UIKit.framework in Frameworks */ = {isa = PBXBuildFile; fileRef = 2907852D1883B032008B1B7D /* UIKit.framework */; };
		290785341883B032008B1B7D /* InfoPlist.strings in Resources */ = {isa = PBXBuildFile; fileRef = 290785321883B032008B1B7D /* InfoPlist.strings */; };
		290785361883B032008B1B7D /* main.m in Sources */ = {isa = PBXBuildFile; fileRef = 290785351883B032008B1B7D /* main.m */; };
		2907853A1883B032008B1B7D /* IctAppDelegate.m in Sources */ = {isa = PBXBuildFile; fileRef = 290785391883B032008B1B7D /* IctAppDelegate.m */; };
		2907853D1883B032008B1B7D /* Main.storyboard in Resources */ = {isa = PBXBuildFile; fileRef = 2907853B1883B032008B1B7D /* Main.storyboard */; };
		290785401883B032008B1B7D /* IctViewController.m in Sources */ = {isa = PBXBuildFile; fileRef = 2907853F1883B032008B1B7D /* IctViewController.m */; };
		290785421883B032008B1B7D /* Images.xcassets in Resources */ = {isa = PBXBuildFile; fileRef = 290785411883B032008B1B7D /* Images.xcassets */; };
		290785491883B032008B1B7D /* XCTest.framework in Frameworks */ = {isa = PBXBuildFile; fileRef = 290785481883B032008B1B7D /* XCTest.framework */; };
		2907854A1883B032008B1B7D /* Foundation.framework in Frameworks */ = {isa = PBXBuildFile; fileRef = 290785291883B032008B1B7D /* Foundation.framework */; };
		2907854B1883B032008B1B7D /* UIKit.framework in Frameworks */ = {isa = PBXBuildFile; fileRef = 2907852D1883B032008B1B7D /* UIKit.framework */; };
		290785531883B032008B1B7D /* InfoPlist.strings in Resources */ = {isa = PBXBuildFile; fileRef = 290785511883B032008B1B7D /* InfoPlist.strings */; };
		290785551883B032008B1B7D /* IctrackerTests.m in Sources */ = {isa = PBXBuildFile; fileRef = 290785541883B032008B1B7D /* IctrackerTests.m */; };
		290785611883B0A9008B1B7D /* MenuSelectorView.m in Sources */ = {isa = PBXBuildFile; fileRef = 290785601883B0A9008B1B7D /* MenuSelectorView.m */; };
		290785641883B12C008B1B7D /* Utils.m in Sources */ = {isa = PBXBuildFile; fileRef = 290785631883B12C008B1B7D /* Utils.m */; };
		290785681883B1CE008B1B7D /* ButtonView.m in Sources */ = {isa = PBXBuildFile; fileRef = 290785671883B1CE008B1B7D /* ButtonView.m */; };
		290785701883C62B008B1B7D /* UnitMenu.m in Sources */ = {isa = PBXBuildFile; fileRef = 2907856F1883C62B008B1B7D /* UnitMenu.m */; };
		290785731883C6FF008B1B7D /* MenuContainerView.m in Sources */ = {isa = PBXBuildFile; fileRef = 290785721883C6FE008B1B7D /* MenuContainerView.m */; };
		290785761883C86B008B1B7D /* MesaUnitsView.m in Sources */ = {isa = PBXBuildFile; fileRef = 290785751883C86B008B1B7D /* MesaUnitsView.m */; };
		290785791883C960008B1B7D /* AjUnitsView.m in Sources */ = {isa = PBXBuildFile; fileRef = 290785781883C960008B1B7D /* AjUnitsView.m */; };
		290AE71B189A0AE5003832FF /* QueenCreekUnitsView.m in Sources */ = {isa = PBXBuildFile; fileRef = 290AE71A189A0AE5003832FF /* QueenCreekUnitsView.m */; };
		290AE721189A0E67003832FF /* TempeUnitsView.m in Sources */ = {isa = PBXBuildFile; fileRef = 290AE720189A0E67003832FF /* TempeUnitsView.m */; };
		290D0ADE1895D0230061C7D0 /* SplashView.m in Sources */ = {isa = PBXBuildFile; fileRef = 290D0ADD1895D0230061C7D0 /* SplashView.m */; };
		290D0AE218960BBA0061C7D0 /* ImgButton.m in Sources */ = {isa = PBXBuildFile; fileRef = 290D0AE118960BBA0061C7D0 /* ImgButton.m */; };
		290D0AE51896110C0061C7D0 /* FireView.m in Sources */ = {isa = PBXBuildFile; fileRef = 290D0AE41896110C0061C7D0 /* FireView.m */; };
		290D0AEA189724B90061C7D0 /* PdfView.m in Sources */ = {isa = PBXBuildFile; fileRef = 290D0AE9189724B90061C7D0 /* PdfView.m */; };
		290D0AEC189744110061C7D0 /* MessageUI.framework in Frameworks */ = {isa = PBXBuildFile; fileRef = 290D0AEB189744110061C7D0 /* MessageUI.framework */; };
		293B1B851898A22000FCFBD7 /* IctTextField.m in Sources */ = {isa = PBXBuildFile; fileRef = 293B1B841898A22000FCFBD7 /* IctTextField.m */; };
		293B1B881898A5AA00FCFBD7 /* IncidentEntryView.m in Sources */ = {isa = PBXBuildFile; fileRef = 293B1B871898A5AA00FCFBD7 /* IncidentEntryView.m */; };
		294B21F9188D994C00E6B0F9 /* SectorTbarContainerView.m in Sources */ = {isa = PBXBuildFile; fileRef = 294B21F8188D994C00E6B0F9 /* SectorTbarContainerView.m */; };
		294B21FC188DEC5F00E6B0F9 /* TimerView.m in Sources */ = {isa = PBXBuildFile; fileRef = 294B21FB188DEC5F00E6B0F9 /* TimerView.m */; };
		295183D41884D6230033B02F /* SectorMenu.m in Sources */ = {isa = PBXBuildFile; fileRef = 295183D31884D6230033B02F /* SectorMenu.m */; };
		295183D81884DAD60033B02F /* ActionsMenu.m in Sources */ = {isa = PBXBuildFile; fileRef = 295183D71884DAD60033B02F /* ActionsMenu.m */; };
		295183DB1884DB5C0033B02F /* BenchmarksMenu.m in Sources */ = {isa = PBXBuildFile; fileRef = 295183DA1884DB5C0033B02F /* BenchmarksMenu.m */; };
		295183DE1884DBA60033B02F /* ObjectivesMenu.m in Sources */ = {isa = PBXBuildFile; fileRef = 295183DD1884DBA60033B02F /* ObjectivesMenu.m */; };
		295183E11884DBFA0033B02F /* OsrMenu.m in Sources */ = {isa = PBXBuildFile; fileRef = 295183E01884DBFA0033B02F /* OsrMenu.m */; };
		295183E41884DC250033B02F /* NotesMenu.m in Sources */ = {isa = PBXBuildFile; fileRef = 295183E31884DC250033B02F /* NotesMenu.m */; };
		295183E71884E2550033B02F /* GilbertUnitsView.m in Sources */ = {isa = PBXBuildFile; fileRef = 295183E61884E2550033B02F /* GilbertUnitsView.m */; };
		295183EA1884F23B0033B02F /* CityUnitsView.m in Sources */ = {isa = PBXBuildFile; fileRef = 295183E91884F23B0033B02F /* CityUnitsView.m */; };
		295183ED1884F83B0033B02F /* WideItemsMenuView.m in Sources */ = {isa = PBXBuildFile; fileRef = 295183EC1884F83B0033B02F /* WideItemsMenuView.m */; };
		295183F21885006C0033B02F /* ChecklistView.m in Sources */ = {isa = PBXBuildFile; fileRef = 295183F11885006B0033B02F /* ChecklistView.m */; };
		295183F918861C290033B02F /* SectorTBarView.m in Sources */ = {isa = PBXBuildFile; fileRef = 295183F818861C290033B02F /* SectorTBarView.m */; };
		295D45C318A0701E003AF1BF /* Incident.m in Sources */ = {isa = PBXBuildFile; fileRef = 295D45C218A0701E003AF1BF /* Incident.m */; };
		295D45C918A09E08003AF1BF /* PsiDialog.m in Sources */ = {isa = PBXBuildFile; fileRef = 295D45C818A09E08003AF1BF /* PsiDialog.m */; };
		297D3E8418A1283500B53F7C /* ParDialog.m in Sources */ = {isa = PBXBuildFile; fileRef = 297D3E8318A1283500B53F7C /* ParDialog.m */; };
		29ACE64F1890C8EF00575276 /* ModeButton.m in Sources */ = {isa = PBXBuildFile; fileRef = 29ACE64E1890C8EF00575276 /* ModeButton.m */; };
		29ACE6521890D17A00575276 /* ModeDialog.m in Sources */ = {isa = PBXBuildFile; fileRef = 29ACE6511890D17A00575276 /* ModeDialog.m */; };
		29ACE6561890E7C400575276 /* ModeDialogContainer.m in Sources */ = {isa = PBXBuildFile; fileRef = 29ACE6551890E7C400575276 /* ModeDialogContainer.m */; };
		29C3B8A51893586700B81766 /* SafetyDialog.m in Sources */ = {isa = PBXBuildFile; fileRef = 29C3B8A41893586700B81766 /* SafetyDialog.m */; };
		29C3B8AA1893589C00B81766 /* SafetyDialogContainer.m in Sources */ = {isa = PBXBuildFile; fileRef = 29C3B8A91893589C00B81766 /* SafetyDialogContainer.m */; };
		29C5C4BF189232BD00DFE5CE /* SafetyButton.m in Sources */ = {isa = PBXBuildFile; fileRef = 29C5C4BE189232BD00DFE5CE /* SafetyButton.m */; };
		29E42C3218942EA2002E8CC3 /* Transaction.m in Sources */ = {isa = PBXBuildFile; fileRef = 29E42C3118942EA2002E8CC3 /* Transaction.m */; };
		29E42C38189434EB002E8CC3 /* TransactionLogger.m in Sources */ = {isa = PBXBuildFile; fileRef = 29E42C37189434EB002E8CC3 /* TransactionLogger.m */; };
		29E42C3B18946BB6002E8CC3 /* TransactionFormatter.m in Sources */ = {isa = PBXBuildFile; fileRef = 29E42C3A18946BB6002E8CC3 /* TransactionFormatter.m */; };
		29E42C3F18946CAF002E8CC3 /* ReportFormatter.m in Sources */ = {isa = PBXBuildFile; fileRef = 29E42C3E18946CAF002E8CC3 /* ReportFormatter.m */; };
		29F79D0D18ABD82000436D66 /* SectorDialog.m in Sources */ = {isa = PBXBuildFile; fileRef = 29F79D0C18ABD82000436D66 /* SectorDialog.m */; };
		29F79D1118ABDDCA00436D66 /* UnitDialog.m in Sources */ = {isa = PBXBuildFile; fileRef = 29F79D1018ABDDCA00436D66 /* UnitDialog.m */; };
/* End PBXBuildFile section */

/* Begin PBXContainerItemProxy section */
		2907854C1883B032008B1B7D /* PBXContainerItemProxy */ = {
			isa = PBXContainerItemProxy;
			containerPortal = 2907851E1883B032008B1B7D /* Project object */;
			proxyType = 1;
			remoteGlobalIDString = 290785251883B032008B1B7D;
			remoteInfo = Ictracker;
		};
/* End PBXContainerItemProxy section */

/* Begin PBXFileReference section */
		2901EDF8189F123700957900 /* ChandlerUnitsView.h */ = {isa = PBXFileReference; fileEncoding = 4; lastKnownFileType = sourcecode.c.h; path = ChandlerUnitsView.h; sourceTree = "<group>"; };
		2901EDF9189F123700957900 /* ChandlerUnitsView.m */ = {isa = PBXFileReference; fileEncoding = 4; lastKnownFileType = sourcecode.c.objc; path = ChandlerUnitsView.m; sourceTree = "<group>"; };
		2901EDFB189F445800957900 /* VerifyDialog.h */ = {isa = PBXFileReference; fileEncoding = 4; lastKnownFileType = sourcecode.c.h; path = VerifyDialog.h; sourceTree = "<group>"; };
		2901EDFC189F445800957900 /* VerifyDialog.m */ = {isa = PBXFileReference; fileEncoding = 4; lastKnownFileType = sourcecode.c.objc; path = VerifyDialog.m; sourceTree = "<group>"; };
		2901EDFF189F44B100957900 /* VerifyDialogDelegate.h */ = {isa = PBXFileReference; lastKnownFileType = sourcecode.c.h; path = VerifyDialogDelegate.h; sourceTree = "<group>"; };
		290785261883B032008B1B7D /* Ictracker.app */ = {isa = PBXFileReference; explicitFileType = wrapper.application; includeInIndex = 0; path = Ictracker.app; sourceTree = BUILT_PRODUCTS_DIR; };
		290785291883B032008B1B7D /* Foundation.framework */ = {isa = PBXFileReference; lastKnownFileType = wrapper.framework; name = Foundation.framework; path = System/Library/Frameworks/Foundation.framework; sourceTree = SDKROOT; };
		2907852B1883B032008B1B7D /* CoreGraphics.framework */ = {isa = PBXFileReference; lastKnownFileType = wrapper.framework; name = CoreGraphics.framework; path = System/Library/Frameworks/CoreGraphics.framework; sourceTree = SDKROOT; };
		2907852D1883B032008B1B7D /* UIKit.framework */ = {isa = PBXFileReference; lastKnownFileType = wrapper.framework; name = UIKit.framework; path = System/Library/Frameworks/UIKit.framework; sourceTree = SDKROOT; };
		290785311883B032008B1B7D /* Ictracker-Info.plist */ = {isa = PBXFileReference; lastKnownFileType = text.plist.xml; path = "Ictracker-Info.plist"; sourceTree = "<group>"; };
		290785331883B032008B1B7D /* en */ = {isa = PBXFileReference; lastKnownFileType = text.plist.strings; name = en; path = en.lproj/InfoPlist.strings; sourceTree = "<group>"; };
		290785351883B032008B1B7D /* main.m */ = {isa = PBXFileReference; lastKnownFileType = sourcecode.c.objc; path = main.m; sourceTree = "<group>"; };
		290785371883B032008B1B7D /* Ictracker-Prefix.pch */ = {isa = PBXFileReference; lastKnownFileType = sourcecode.c.h; path = "Ictracker-Prefix.pch"; sourceTree = "<group>"; };
		290785381883B032008B1B7D /* IctAppDelegate.h */ = {isa = PBXFileReference; lastKnownFileType = sourcecode.c.h; path = IctAppDelegate.h; sourceTree = "<group>"; };
		290785391883B032008B1B7D /* IctAppDelegate.m */ = {isa = PBXFileReference; lastKnownFileType = sourcecode.c.objc; path = IctAppDelegate.m; sourceTree = "<group>"; };
		2907853C1883B032008B1B7D /* Base */ = {isa = PBXFileReference; lastKnownFileType = file.storyboard; name = Base; path = Base.lproj/Main.storyboard; sourceTree = "<group>"; };
		2907853E1883B032008B1B7D /* IctViewController.h */ = {isa = PBXFileReference; lastKnownFileType = sourcecode.c.h; path = IctViewController.h; sourceTree = "<group>"; };
		2907853F1883B032008B1B7D /* IctViewController.m */ = {isa = PBXFileReference; lastKnownFileType = sourcecode.c.objc; path = IctViewController.m; sourceTree = "<group>"; };
		290785411883B032008B1B7D /* Images.xcassets */ = {isa = PBXFileReference; lastKnownFileType = folder.assetcatalog; path = Images.xcassets; sourceTree = "<group>"; };
		290785471883B032008B1B7D /* IctrackerTests.xctest */ = {isa = PBXFileReference; explicitFileType = wrapper.cfbundle; includeInIndex = 0; path = IctrackerTests.xctest; sourceTree = BUILT_PRODUCTS_DIR; };
		290785481883B032008B1B7D /* XCTest.framework */ = {isa = PBXFileReference; lastKnownFileType = wrapper.framework; name = XCTest.framework; path = Library/Frameworks/XCTest.framework; sourceTree = DEVELOPER_DIR; };
		290785501883B032008B1B7D /* IctrackerTests-Info.plist */ = {isa = PBXFileReference; lastKnownFileType = text.plist.xml; path = "IctrackerTests-Info.plist"; sourceTree = "<group>"; };
		290785521883B032008B1B7D /* en */ = {isa = PBXFileReference; lastKnownFileType = text.plist.strings; name = en; path = en.lproj/InfoPlist.strings; sourceTree = "<group>"; };
		290785541883B032008B1B7D /* IctrackerTests.m */ = {isa = PBXFileReference; lastKnownFileType = sourcecode.c.objc; path = IctrackerTests.m; sourceTree = "<group>"; };
		2907855F1883B0A9008B1B7D /* MenuSelectorView.h */ = {isa = PBXFileReference; fileEncoding = 4; lastKnownFileType = sourcecode.c.h; path = MenuSelectorView.h; sourceTree = "<group>"; };
		290785601883B0A9008B1B7D /* MenuSelectorView.m */ = {isa = PBXFileReference; fileEncoding = 4; lastKnownFileType = sourcecode.c.objc; path = MenuSelectorView.m; sourceTree = "<group>"; };
		290785621883B12C008B1B7D /* Utils.h */ = {isa = PBXFileReference; fileEncoding = 4; lastKnownFileType = sourcecode.c.h; path = Utils.h; sourceTree = "<group>"; };
		290785631883B12C008B1B7D /* Utils.m */ = {isa = PBXFileReference; fileEncoding = 4; lastKnownFileType = sourcecode.c.objc; path = Utils.m; sourceTree = "<group>"; };
		290785661883B1CE008B1B7D /* ButtonView.h */ = {isa = PBXFileReference; fileEncoding = 4; lastKnownFileType = sourcecode.c.h; path = ButtonView.h; sourceTree = "<group>"; };
		290785671883B1CE008B1B7D /* ButtonView.m */ = {isa = PBXFileReference; fileEncoding = 4; lastKnownFileType = sourcecode.c.objc; path = ButtonView.m; sourceTree = "<group>"; };
		290785691883B2EE008B1B7D /* ButtonClickDelegate.h */ = {isa = PBXFileReference; lastKnownFileType = sourcecode.c.h; path = ButtonClickDelegate.h; sourceTree = "<group>"; };
		2907856E1883C62B008B1B7D /* UnitMenu.h */ = {isa = PBXFileReference; fileEncoding = 4; lastKnownFileType = sourcecode.c.h; path = UnitMenu.h; sourceTree = "<group>"; };
		2907856F1883C62B008B1B7D /* UnitMenu.m */ = {isa = PBXFileReference; fileEncoding = 4; lastKnownFileType = sourcecode.c.objc; path = UnitMenu.m; sourceTree = "<group>"; };
		290785711883C6FE008B1B7D /* MenuContainerView.h */ = {isa = PBXFileReference; fileEncoding = 4; lastKnownFileType = sourcecode.c.h; path = MenuContainerView.h; sourceTree = "<group>"; };
		290785721883C6FE008B1B7D /* MenuContainerView.m */ = {isa = PBXFileReference; fileEncoding = 4; lastKnownFileType = sourcecode.c.objc; path = MenuContainerView.m; sourceTree = "<group>"; };
		290785741883C86B008B1B7D /* MesaUnitsView.h */ = {isa = PBXFileReference; fileEncoding = 4; lastKnownFileType = sourcecode.c.h; path = MesaUnitsView.h; sourceTree = "<group>"; };
		290785751883C86B008B1B7D /* MesaUnitsView.m */ = {isa = PBXFileReference; fileEncoding = 4; lastKnownFileType = sourcecode.c.objc; path = MesaUnitsView.m; sourceTree = "<group>"; };
		290785771883C960008B1B7D /* AjUnitsView.h */ = {isa = PBXFileReference; fileEncoding = 4; lastKnownFileType = sourcecode.c.h; path = AjUnitsView.h; sourceTree = "<group>"; };
		290785781883C960008B1B7D /* AjUnitsView.m */ = {isa = PBXFileReference; fileEncoding = 4; lastKnownFileType = sourcecode.c.objc; path = AjUnitsView.m; sourceTree = "<group>"; };
		290AE719189A0AE5003832FF /* QueenCreekUnitsView.h */ = {isa = PBXFileReference; fileEncoding = 4; lastKnownFileType = sourcecode.c.h; path = QueenCreekUnitsView.h; sourceTree = "<group>"; };
		290AE71A189A0AE5003832FF /* QueenCreekUnitsView.m */ = {isa = PBXFileReference; fileEncoding = 4; lastKnownFileType = sourcecode.c.objc; path = QueenCreekUnitsView.m; sourceTree = "<group>"; };
		290AE71F189A0E67003832FF /* TempeUnitsView.h */ = {isa = PBXFileReference; fileEncoding = 4; lastKnownFileType = sourcecode.c.h; path = TempeUnitsView.h; sourceTree = "<group>"; };
		290AE720189A0E67003832FF /* TempeUnitsView.m */ = {isa = PBXFileReference; fileEncoding = 4; lastKnownFileType = sourcecode.c.objc; path = TempeUnitsView.m; sourceTree = "<group>"; };
		290D0ADC1895D0230061C7D0 /* SplashView.h */ = {isa = PBXFileReference; fileEncoding = 4; lastKnownFileType = sourcecode.c.h; path = SplashView.h; sourceTree = "<group>"; };
		290D0ADD1895D0230061C7D0 /* SplashView.m */ = {isa = PBXFileReference; fileEncoding = 4; lastKnownFileType = sourcecode.c.objc; path = SplashView.m; sourceTree = "<group>"; };
		290D0AE018960BBA0061C7D0 /* ImgButton.h */ = {isa = PBXFileReference; fileEncoding = 4; lastKnownFileType = sourcecode.c.h; path = ImgButton.h; sourceTree = "<group>"; };
		290D0AE118960BBA0061C7D0 /* ImgButton.m */ = {isa = PBXFileReference; fileEncoding = 4; lastKnownFileType = sourcecode.c.objc; path = ImgButton.m; sourceTree = "<group>"; };
		290D0AE31896110C0061C7D0 /* FireView.h */ = {isa = PBXFileReference; fileEncoding = 4; lastKnownFileType = sourcecode.c.h; path = FireView.h; sourceTree = "<group>"; };
		290D0AE41896110C0061C7D0 /* FireView.m */ = {isa = PBXFileReference; fileEncoding = 4; lastKnownFileType = sourcecode.c.objc; path = FireView.m; sourceTree = "<group>"; };
		290D0AE7189614F70061C7D0 /* SplashDelegate.h */ = {isa = PBXFileReference; lastKnownFileType = sourcecode.c.h; path = SplashDelegate.h; sourceTree = "<group>"; };
		290D0AE8189724B90061C7D0 /* PdfView.h */ = {isa = PBXFileReference; fileEncoding = 4; lastKnownFileType = sourcecode.c.h; path = PdfView.h; sourceTree = "<group>"; };
		290D0AE9189724B90061C7D0 /* PdfView.m */ = {isa = PBXFileReference; fileEncoding = 4; lastKnownFileType = sourcecode.c.objc; path = PdfView.m; sourceTree = "<group>"; };
		290D0AEB189744110061C7D0 /* MessageUI.framework */ = {isa = PBXFileReference; lastKnownFileType = wrapper.framework; name = MessageUI.framework; path = System/Library/Frameworks/MessageUI.framework; sourceTree = SDKROOT; };
		290D0AED18974AE00061C7D0 /* ShowMailDialogDelegate.h */ = {isa = PBXFileReference; lastKnownFileType = sourcecode.c.h; path = ShowMailDialogDelegate.h; sourceTree = "<group>"; };
		293B1B831898A22000FCFBD7 /* IctTextField.h */ = {isa = PBXFileReference; fileEncoding = 4; lastKnownFileType = sourcecode.c.h; path = IctTextField.h; sourceTree = "<group>"; };
		293B1B841898A22000FCFBD7 /* IctTextField.m */ = {isa = PBXFileReference; fileEncoding = 4; lastKnownFileType = sourcecode.c.objc; path = IctTextField.m; sourceTree = "<group>"; };
		293B1B861898A5AA00FCFBD7 /* IncidentEntryView.h */ = {isa = PBXFileReference; fileEncoding = 4; lastKnownFileType = sourcecode.c.h; path = IncidentEntryView.h; sourceTree = "<group>"; };
		293B1B871898A5AA00FCFBD7 /* IncidentEntryView.m */ = {isa = PBXFileReference; fileEncoding = 4; lastKnownFileType = sourcecode.c.objc; path = IncidentEntryView.m; sourceTree = "<group>"; };
		293B1B891898A64E00FCFBD7 /* IncidentEntryDelegate.h */ = {isa = PBXFileReference; lastKnownFileType = sourcecode.c.h; path = IncidentEntryDelegate.h; sourceTree = "<group>"; };
		294B21F7188D994C00E6B0F9 /* SectorTbarContainerView.h */ = {isa = PBXFileReference; fileEncoding = 4; lastKnownFileType = sourcecode.c.h; path = SectorTbarContainerView.h; sourceTree = "<group>"; };
		294B21F8188D994C00E6B0F9 /* SectorTbarContainerView.m */ = {isa = PBXFileReference; fileEncoding = 4; lastKnownFileType = sourcecode.c.objc; path = SectorTbarContainerView.m; sourceTree = "<group>"; };
		294B21FA188DEC5F00E6B0F9 /* TimerView.h */ = {isa = PBXFileReference; fileEncoding = 4; lastKnownFileType = sourcecode.c.h; path = TimerView.h; sourceTree = "<group>"; };
		294B21FB188DEC5F00E6B0F9 /* TimerView.m */ = {isa = PBXFileReference; fileEncoding = 4; lastKnownFileType = sourcecode.c.objc; path = TimerView.m; sourceTree = "<group>"; };
		295183D21884D6230033B02F /* SectorMenu.h */ = {isa = PBXFileReference; fileEncoding = 4; lastKnownFileType = sourcecode.c.h; path = SectorMenu.h; sourceTree = "<group>"; };
		295183D31884D6230033B02F /* SectorMenu.m */ = {isa = PBXFileReference; fileEncoding = 4; lastKnownFileType = sourcecode.c.objc; path = SectorMenu.m; sourceTree = "<group>"; };
		295183D51884D73F0033B02F /* MenuSelectorDelegate.h */ = {isa = PBXFileReference; lastKnownFileType = sourcecode.c.h; path = MenuSelectorDelegate.h; sourceTree = "<group>"; };
		295183D61884DAD60033B02F /* ActionsMenu.h */ = {isa = PBXFileReference; fileEncoding = 4; lastKnownFileType = sourcecode.c.h; path = ActionsMenu.h; sourceTree = "<group>"; };
		295183D71884DAD60033B02F /* ActionsMenu.m */ = {isa = PBXFileReference; fileEncoding = 4; lastKnownFileType = sourcecode.c.objc; path = ActionsMenu.m; sourceTree = "<group>"; };
		295183D91884DB5C0033B02F /* BenchmarksMenu.h */ = {isa = PBXFileReference; fileEncoding = 4; lastKnownFileType = sourcecode.c.h; path = BenchmarksMenu.h; sourceTree = "<group>"; };
		295183DA1884DB5C0033B02F /* BenchmarksMenu.m */ = {isa = PBXFileReference; fileEncoding = 4; lastKnownFileType = sourcecode.c.objc; path = BenchmarksMenu.m; sourceTree = "<group>"; };
		295183DC1884DBA60033B02F /* ObjectivesMenu.h */ = {isa = PBXFileReference; fileEncoding = 4; lastKnownFileType = sourcecode.c.h; path = ObjectivesMenu.h; sourceTree = "<group>"; };
		295183DD1884DBA60033B02F /* ObjectivesMenu.m */ = {isa = PBXFileReference; fileEncoding = 4; lastKnownFileType = sourcecode.c.objc; path = ObjectivesMenu.m; sourceTree = "<group>"; };
		295183DF1884DBFA0033B02F /* OsrMenu.h */ = {isa = PBXFileReference; fileEncoding = 4; lastKnownFileType = sourcecode.c.h; path = OsrMenu.h; sourceTree = "<group>"; };
		295183E01884DBFA0033B02F /* OsrMenu.m */ = {isa = PBXFileReference; fileEncoding = 4; lastKnownFileType = sourcecode.c.objc; path = OsrMenu.m; sourceTree = "<group>"; };
		295183E21884DC250033B02F /* NotesMenu.h */ = {isa = PBXFileReference; fileEncoding = 4; lastKnownFileType = sourcecode.c.h; path = NotesMenu.h; sourceTree = "<group>"; };
		295183E31884DC250033B02F /* NotesMenu.m */ = {isa = PBXFileReference; fileEncoding = 4; lastKnownFileType = sourcecode.c.objc; path = NotesMenu.m; sourceTree = "<group>"; };
		295183E51884E2550033B02F /* GilbertUnitsView.h */ = {isa = PBXFileReference; fileEncoding = 4; lastKnownFileType = sourcecode.c.h; path = GilbertUnitsView.h; sourceTree = "<group>"; };
		295183E61884E2550033B02F /* GilbertUnitsView.m */ = {isa = PBXFileReference; fileEncoding = 4; lastKnownFileType = sourcecode.c.objc; path = GilbertUnitsView.m; sourceTree = "<group>"; };
		295183E81884F23A0033B02F /* CityUnitsView.h */ = {isa = PBXFileReference; fileEncoding = 4; lastKnownFileType = sourcecode.c.h; path = CityUnitsView.h; sourceTree = "<group>"; };
		295183E91884F23B0033B02F /* CityUnitsView.m */ = {isa = PBXFileReference; fileEncoding = 4; lastKnownFileType = sourcecode.c.objc; path = CityUnitsView.m; sourceTree = "<group>"; };
		295183EB1884F83B0033B02F /* WideItemsMenuView.h */ = {isa = PBXFileReference; fileEncoding = 4; lastKnownFileType = sourcecode.c.h; path = WideItemsMenuView.h; sourceTree = "<group>"; };
		295183EC1884F83B0033B02F /* WideItemsMenuView.m */ = {isa = PBXFileReference; fileEncoding = 4; lastKnownFileType = sourcecode.c.objc; path = WideItemsMenuView.m; sourceTree = "<group>"; };
		295183F01885006B0033B02F /* ChecklistView.h */ = {isa = PBXFileReference; fileEncoding = 4; lastKnownFileType = sourcecode.c.h; path = ChecklistView.h; sourceTree = "<group>"; };
		295183F11885006B0033B02F /* ChecklistView.m */ = {isa = PBXFileReference; fileEncoding = 4; lastKnownFileType = sourcecode.c.objc; path = ChecklistView.m; sourceTree = "<group>"; };
		295183F718861C290033B02F /* SectorTBarView.h */ = {isa = PBXFileReference; fileEncoding = 4; lastKnownFileType = sourcecode.c.h; path = SectorTBarView.h; sourceTree = "<group>"; };
		295183F818861C290033B02F /* SectorTBarView.m */ = {isa = PBXFileReference; fileEncoding = 4; lastKnownFileType = sourcecode.c.objc; path = SectorTBarView.m; sourceTree = "<group>"; };
		295183FB188623B50033B02F /* SectorTBarDelegate.h */ = {isa = PBXFileReference; lastKnownFileType = sourcecode.c.h; path = SectorTBarDelegate.h; sourceTree = "<group>"; };
		295183FC188629700033B02F /* SectorMenuDelegate.h */ = {isa = PBXFileReference; lastKnownFileType = sourcecode.c.h; path = SectorMenuDelegate.h; sourceTree = "<group>"; };
		295183FD18862E640033B02F /* CityUnitMenuDelegate.h */ = {isa = PBXFileReference; lastKnownFileType = sourcecode.c.h; path = CityUnitMenuDelegate.h; sourceTree = "<group>"; };
		295183FE188653770033B02F /* ActionMenuDelegate.h */ = {isa = PBXFileReference; lastKnownFileType = sourcecode.c.h; path = ActionMenuDelegate.h; sourceTree = "<group>"; };
		2954671B188CEA7300F4D12E /* ShowMenuDelegate.h */ = {isa = PBXFileReference; lastKnownFileType = sourcecode.c.h; path = ShowMenuDelegate.h; sourceTree = "<group>"; };
		295D45C118A0701E003AF1BF /* Incident.h */ = {isa = PBXFileReference; fileEncoding = 4; lastKnownFileType = sourcecode.c.h; path = Incident.h; sourceTree = "<group>"; };
		295D45C218A0701E003AF1BF /* Incident.m */ = {isa = PBXFileReference; fileEncoding = 4; lastKnownFileType = sourcecode.c.objc; path = Incident.m; sourceTree = "<group>"; };
		295D45C718A09E08003AF1BF /* PsiDialog.h */ = {isa = PBXFileReference; fileEncoding = 4; lastKnownFileType = sourcecode.c.h; path = PsiDialog.h; sourceTree = "<group>"; };
		295D45C818A09E08003AF1BF /* PsiDialog.m */ = {isa = PBXFileReference; fileEncoding = 4; lastKnownFileType = sourcecode.c.objc; path = PsiDialog.m; sourceTree = "<group>"; };
		295D45CA18A09E18003AF1BF /* PsiDialogDelegate.h */ = {isa = PBXFileReference; lastKnownFileType = sourcecode.c.h; path = PsiDialogDelegate.h; sourceTree = "<group>"; };
		297D3E8118A1282900B53F7C /* ParDialogDelegate.h */ = {isa = PBXFileReference; lastKnownFileType = sourcecode.c.h; path = ParDialogDelegate.h; sourceTree = "<group>"; };
		297D3E8218A1283500B53F7C /* ParDialog.h */ = {isa = PBXFileReference; fileEncoding = 4; lastKnownFileType = sourcecode.c.h; path = ParDialog.h; sourceTree = "<group>"; };
		297D3E8318A1283500B53F7C /* ParDialog.m */ = {isa = PBXFileReference; fileEncoding = 4; lastKnownFileType = sourcecode.c.objc; path = ParDialog.m; sourceTree = "<group>"; };
		29ACE64D1890C8EF00575276 /* ModeButton.h */ = {isa = PBXFileReference; fileEncoding = 4; lastKnownFileType = sourcecode.c.h; path = ModeButton.h; sourceTree = "<group>"; };
		29ACE64E1890C8EF00575276 /* ModeButton.m */ = {isa = PBXFileReference; fileEncoding = 4; lastKnownFileType = sourcecode.c.objc; path = ModeButton.m; sourceTree = "<group>"; };
		29ACE6501890D17A00575276 /* ModeDialog.h */ = {isa = PBXFileReference; fileEncoding = 4; lastKnownFileType = sourcecode.c.h; path = ModeDialog.h; sourceTree = "<group>"; };
		29ACE6511890D17A00575276 /* ModeDialog.m */ = {isa = PBXFileReference; fileEncoding = 4; lastKnownFileType = sourcecode.c.objc; path = ModeDialog.m; sourceTree = "<group>"; };
		29ACE6531890DE5500575276 /* ModeButtonDelegate.h */ = {isa = PBXFileReference; lastKnownFileType = sourcecode.c.h; path = ModeButtonDelegate.h; sourceTree = "<group>"; };
		29ACE6541890E7C400575276 /* ModeDialogContainer.h */ = {isa = PBXFileReference; fileEncoding = 4; lastKnownFileType = sourcecode.c.h; path = ModeDialogContainer.h; sourceTree = "<group>"; };
		29ACE6551890E7C400575276 /* ModeDialogContainer.m */ = {isa = PBXFileReference; fileEncoding = 4; lastKnownFileType = sourcecode.c.objc; path = ModeDialogContainer.m; sourceTree = "<group>"; };
		29C3B8A31893586700B81766 /* SafetyDialog.h */ = {isa = PBXFileReference; fileEncoding = 4; lastKnownFileType = sourcecode.c.h; path = SafetyDialog.h; sourceTree = "<group>"; };
		29C3B8A41893586700B81766 /* SafetyDialog.m */ = {isa = PBXFileReference; fileEncoding = 4; lastKnownFileType = sourcecode.c.objc; path = SafetyDialog.m; sourceTree = "<group>"; };
		29C3B8A81893589C00B81766 /* SafetyDialogContainer.h */ = {isa = PBXFileReference; fileEncoding = 4; lastKnownFileType = sourcecode.c.h; path = SafetyDialogContainer.h; sourceTree = "<group>"; };
		29C3B8A91893589C00B81766 /* SafetyDialogContainer.m */ = {isa = PBXFileReference; fileEncoding = 4; lastKnownFileType = sourcecode.c.objc; path = SafetyDialogContainer.m; sourceTree = "<group>"; };
		29C3B8AB189358C500B81766 /* SafetyButtonDelegate.h */ = {isa = PBXFileReference; lastKnownFileType = sourcecode.c.h; path = SafetyButtonDelegate.h; sourceTree = "<group>"; };
		29C5C4BD189232BD00DFE5CE /* SafetyButton.h */ = {isa = PBXFileReference; fileEncoding = 4; lastKnownFileType = sourcecode.c.h; path = SafetyButton.h; sourceTree = "<group>"; };
		29C5C4BE189232BD00DFE5CE /* SafetyButton.m */ = {isa = PBXFileReference; fileEncoding = 4; lastKnownFileType = sourcecode.c.objc; path = SafetyButton.m; sourceTree = "<group>"; };
		29E42C3018942EA2002E8CC3 /* Transaction.h */ = {isa = PBXFileReference; fileEncoding = 4; lastKnownFileType = sourcecode.c.h; path = Transaction.h; sourceTree = "<group>"; };
		29E42C3118942EA2002E8CC3 /* Transaction.m */ = {isa = PBXFileReference; fileEncoding = 4; lastKnownFileType = sourcecode.c.objc; path = Transaction.m; sourceTree = "<group>"; };
		29E42C36189434EB002E8CC3 /* TransactionLogger.h */ = {isa = PBXFileReference; fileEncoding = 4; lastKnownFileType = sourcecode.c.h; path = TransactionLogger.h; sourceTree = "<group>"; };
		29E42C37189434EB002E8CC3 /* TransactionLogger.m */ = {isa = PBXFileReference; fileEncoding = 4; lastKnownFileType = sourcecode.c.objc; path = TransactionLogger.m; sourceTree = "<group>"; };
		29E42C3918946BB6002E8CC3 /* TransactionFormatter.h */ = {isa = PBXFileReference; fileEncoding = 4; lastKnownFileType = sourcecode.c.h; path = TransactionFormatter.h; sourceTree = "<group>"; };
		29E42C3A18946BB6002E8CC3 /* TransactionFormatter.m */ = {isa = PBXFileReference; fileEncoding = 4; lastKnownFileType = sourcecode.c.objc; path = TransactionFormatter.m; sourceTree = "<group>"; };
		29E42C3D18946CAF002E8CC3 /* ReportFormatter.h */ = {isa = PBXFileReference; fileEncoding = 4; lastKnownFileType = sourcecode.c.h; path = ReportFormatter.h; sourceTree = "<group>"; };
		29E42C3E18946CAF002E8CC3 /* ReportFormatter.m */ = {isa = PBXFileReference; fileEncoding = 4; lastKnownFileType = sourcecode.c.objc; path = ReportFormatter.m; sourceTree = "<group>"; };
		29F79D0A18ABD81000436D66 /* SectorDialogDelegate.h */ = {isa = PBXFileReference; lastKnownFileType = sourcecode.c.h; path = SectorDialogDelegate.h; sourceTree = "<group>"; };
		29F79D0B18ABD82000436D66 /* SectorDialog.h */ = {isa = PBXFileReference; fileEncoding = 4; lastKnownFileType = sourcecode.c.h; path = SectorDialog.h; sourceTree = "<group>"; };
		29F79D0C18ABD82000436D66 /* SectorDialog.m */ = {isa = PBXFileReference; fileEncoding = 4; lastKnownFileType = sourcecode.c.objc; path = SectorDialog.m; sourceTree = "<group>"; };
		29F79D0F18ABDDCA00436D66 /* UnitDialog.h */ = {isa = PBXFileReference; fileEncoding = 4; lastKnownFileType = sourcecode.c.h; path = UnitDialog.h; sourceTree = "<group>"; };
		29F79D1018ABDDCA00436D66 /* UnitDialog.m */ = {isa = PBXFileReference; fileEncoding = 4; lastKnownFileType = sourcecode.c.objc; path = UnitDialog.m; sourceTree = "<group>"; };
		29F79D1218ABDDD500436D66 /* UnitDialogDelegate.h */ = {isa = PBXFileReference; lastKnownFileType = sourcecode.c.h; path = UnitDialogDelegate.h; sourceTree = "<group>"; };
/* End PBXFileReference section */

/* Begin PBXFrameworksBuildPhase section */
		290785231883B032008B1B7D /* Frameworks */ = {
			isa = PBXFrameworksBuildPhase;
			buildActionMask = 2147483647;
			files = (
				290D0AEC189744110061C7D0 /* MessageUI.framework in Frameworks */,
				2907852C1883B032008B1B7D /* CoreGraphics.framework in Frameworks */,
				2907852E1883B032008B1B7D /* UIKit.framework in Frameworks */,
				2907852A1883B032008B1B7D /* Foundation.framework in Frameworks */,
			);
			runOnlyForDeploymentPostprocessing = 0;
		};
		290785441883B032008B1B7D /* Frameworks */ = {
			isa = PBXFrameworksBuildPhase;
			buildActionMask = 2147483647;
			files = (
				290785491883B032008B1B7D /* XCTest.framework in Frameworks */,
				2907854B1883B032008B1B7D /* UIKit.framework in Frameworks */,
				2907854A1883B032008B1B7D /* Foundation.framework in Frameworks */,
			);
			runOnlyForDeploymentPostprocessing = 0;
		};
/* End PBXFrameworksBuildPhase section */

/* Begin PBXGroup section */
		2901EDFE189F447400957900 /* VerifyDialog */ = {
			isa = PBXGroup;
			children = (
				2901EDFB189F445800957900 /* VerifyDialog.h */,
				2901EDFC189F445800957900 /* VerifyDialog.m */,
				2901EDFF189F44B100957900 /* VerifyDialogDelegate.h */,
			);
			name = VerifyDialog;
			sourceTree = "<group>";
		};
		2907851D1883B032008B1B7D = {
			isa = PBXGroup;
			children = (
				2907852F1883B032008B1B7D /* Ictracker */,
				2907854E1883B032008B1B7D /* IctrackerTests */,
				290785281883B032008B1B7D /* Frameworks */,
				290785271883B032008B1B7D /* Products */,
			);
			sourceTree = "<group>";
		};
		290785271883B032008B1B7D /* Products */ = {
			isa = PBXGroup;
			children = (
				290785261883B032008B1B7D /* Ictracker.app */,
				290785471883B032008B1B7D /* IctrackerTests.xctest */,
			);
			name = Products;
			sourceTree = "<group>";
		};
		290785281883B032008B1B7D /* Frameworks */ = {
			isa = PBXGroup;
			children = (
				290D0AEB189744110061C7D0 /* MessageUI.framework */,
				290785291883B032008B1B7D /* Foundation.framework */,
				2907852B1883B032008B1B7D /* CoreGraphics.framework */,
				2907852D1883B032008B1B7D /* UIKit.framework */,
				290785481883B032008B1B7D /* XCTest.framework */,
			);
			name = Frameworks;
			sourceTree = "<group>";
		};
		2907852F1883B032008B1B7D /* Ictracker */ = {
			isa = PBXGroup;
			children = (
				295D45C518A09DA1003AF1BF /* Dialogs */,
				295D45C418A0702A003AF1BF /* Models */,
				293B1B821898A16100FCFBD7 /* Text Fields */,
				290D0AE6189612320061C7D0 /* Main Views */,
				29E42C3C18946BE9002E8CC3 /* Report */,
				29E42C2F18942E6E002E8CC3 /* Transactions */,
				295183F618861BE00033B02F /* Sector TBar Files */,
				295183EF1885001B0033B02F /* Checklist Menu Views */,
				295183EE1884F84D0033B02F /* Wide Items Menu Views */,
				290785651883B1B3008B1B7D /* Button View Files */,
				2907855E1883B078008B1B7D /* Menu Views */,
				2907856A1883C59B008B1B7D /* Unit Menu View Files */,
				290785301883B032008B1B7D /* Supporting Files */,
				290785621883B12C008B1B7D /* Utils.h */,
				290785631883B12C008B1B7D /* Utils.m */,
				294B21FA188DEC5F00E6B0F9 /* TimerView.h */,
				294B21FB188DEC5F00E6B0F9 /* TimerView.m */,
			);
			path = Ictracker;
			sourceTree = "<group>";
		};
		290785301883B032008B1B7D /* Supporting Files */ = {
			isa = PBXGroup;
			children = (
				290785411883B032008B1B7D /* Images.xcassets */,
				2907853B1883B032008B1B7D /* Main.storyboard */,
				290785381883B032008B1B7D /* IctAppDelegate.h */,
				290785391883B032008B1B7D /* IctAppDelegate.m */,
				290785311883B032008B1B7D /* Ictracker-Info.plist */,
				290785321883B032008B1B7D /* InfoPlist.strings */,
				290785351883B032008B1B7D /* main.m */,
				290785371883B032008B1B7D /* Ictracker-Prefix.pch */,
			);
			name = "Supporting Files";
			sourceTree = "<group>";
		};
		2907854E1883B032008B1B7D /* IctrackerTests */ = {
			isa = PBXGroup;
			children = (
				290785541883B032008B1B7D /* IctrackerTests.m */,
				2907854F1883B032008B1B7D /* Supporting Files */,
			);
			path = IctrackerTests;
			sourceTree = "<group>";
		};
		2907854F1883B032008B1B7D /* Supporting Files */ = {
			isa = PBXGroup;
			children = (
				290785501883B032008B1B7D /* IctrackerTests-Info.plist */,
				290785511883B032008B1B7D /* InfoPlist.strings */,
			);
			name = "Supporting Files";
			sourceTree = "<group>";
		};
		2907855E1883B078008B1B7D /* Menu Views */ = {
			isa = PBXGroup;
			children = (
				295183E21884DC250033B02F /* NotesMenu.h */,
				295183E31884DC250033B02F /* NotesMenu.m */,
				290785711883C6FE008B1B7D /* MenuContainerView.h */,
				290785721883C6FE008B1B7D /* MenuContainerView.m */,
				2907855F1883B0A9008B1B7D /* MenuSelectorView.h */,
				290785601883B0A9008B1B7D /* MenuSelectorView.m */,
				295183D51884D73F0033B02F /* MenuSelectorDelegate.h */,
				2954671B188CEA7300F4D12E /* ShowMenuDelegate.h */,
			);
			name = "Menu Views";
			sourceTree = "<group>";
		};
		290785651883B1B3008B1B7D /* Button View Files */ = {
			isa = PBXGroup;
			children = (
				290785661883B1CE008B1B7D /* ButtonView.h */,
				290785671883B1CE008B1B7D /* ButtonView.m */,
				290D0AE018960BBA0061C7D0 /* ImgButton.h */,
				290D0AE118960BBA0061C7D0 /* ImgButton.m */,
				290785691883B2EE008B1B7D /* ButtonClickDelegate.h */,
			);
			name = "Button View Files";
			sourceTree = "<group>";
		};
		2907856A1883C59B008B1B7D /* Unit Menu View Files */ = {
			isa = PBXGroup;
			children = (
				295183FD18862E640033B02F /* CityUnitMenuDelegate.h */,
				2907856E1883C62B008B1B7D /* UnitMenu.h */,
				2907856F1883C62B008B1B7D /* UnitMenu.m */,
				295183E81884F23A0033B02F /* CityUnitsView.h */,
				295183E91884F23B0033B02F /* CityUnitsView.m */,
				290785741883C86B008B1B7D /* MesaUnitsView.h */,
				290785751883C86B008B1B7D /* MesaUnitsView.m */,
				290785771883C960008B1B7D /* AjUnitsView.h */,
				290785781883C960008B1B7D /* AjUnitsView.m */,
				295183E51884E2550033B02F /* GilbertUnitsView.h */,
				295183E61884E2550033B02F /* GilbertUnitsView.m */,
				290AE719189A0AE5003832FF /* QueenCreekUnitsView.h */,
				290AE71A189A0AE5003832FF /* QueenCreekUnitsView.m */,
				290AE71F189A0E67003832FF /* TempeUnitsView.h */,
				290AE720189A0E67003832FF /* TempeUnitsView.m */,
				2901EDF8189F123700957900 /* ChandlerUnitsView.h */,
				2901EDF9189F123700957900 /* ChandlerUnitsView.m */,
			);
			name = "Unit Menu View Files";
			sourceTree = "<group>";
		};
		290D0AE6189612320061C7D0 /* Main Views */ = {
			isa = PBXGroup;
			children = (
				290D0AE7189614F70061C7D0 /* SplashDelegate.h */,
				290D0ADC1895D0230061C7D0 /* SplashView.h */,
				290D0ADD1895D0230061C7D0 /* SplashView.m */,
				2907853E1883B032008B1B7D /* IctViewController.h */,
				2907853F1883B032008B1B7D /* IctViewController.m */,
				290D0AE31896110C0061C7D0 /* FireView.h */,
				290D0AE41896110C0061C7D0 /* FireView.m */,
				290D0AE8189724B90061C7D0 /* PdfView.h */,
				290D0AE9189724B90061C7D0 /* PdfView.m */,
				290D0AED18974AE00061C7D0 /* ShowMailDialogDelegate.h */,
				293B1B861898A5AA00FCFBD7 /* IncidentEntryView.h */,
				293B1B871898A5AA00FCFBD7 /* IncidentEntryView.m */,
				293B1B891898A64E00FCFBD7 /* IncidentEntryDelegate.h */,
			);
			name = "Main Views";
			sourceTree = "<group>";
		};
		293B1B821898A16100FCFBD7 /* Text Fields */ = {
			isa = PBXGroup;
			children = (
				293B1B831898A22000FCFBD7 /* IctTextField.h */,
				293B1B841898A22000FCFBD7 /* IctTextField.m */,
			);
			name = "Text Fields";
			sourceTree = "<group>";
		};
		295183EE1884F84D0033B02F /* Wide Items Menu Views */ = {
			isa = PBXGroup;
			children = (
				295183EB1884F83B0033B02F /* WideItemsMenuView.h */,
				295183EC1884F83B0033B02F /* WideItemsMenuView.m */,
				295183D21884D6230033B02F /* SectorMenu.h */,
				295183D31884D6230033B02F /* SectorMenu.m */,
				295183D61884DAD60033B02F /* ActionsMenu.h */,
				295183D71884DAD60033B02F /* ActionsMenu.m */,
				295183FC188629700033B02F /* SectorMenuDelegate.h */,
				295183FE188653770033B02F /* ActionMenuDelegate.h */,
			);
			name = "Wide Items Menu Views";
			sourceTree = "<group>";
		};
		295183EF1885001B0033B02F /* Checklist Menu Views */ = {
			isa = PBXGroup;
			children = (
				295183F01885006B0033B02F /* ChecklistView.h */,
				295183F11885006B0033B02F /* ChecklistView.m */,
				295183D91884DB5C0033B02F /* BenchmarksMenu.h */,
				295183DA1884DB5C0033B02F /* BenchmarksMenu.m */,
				295183DC1884DBA60033B02F /* ObjectivesMenu.h */,
				295183DD1884DBA60033B02F /* ObjectivesMenu.m */,
				295183DF1884DBFA0033B02F /* OsrMenu.h */,
				295183E01884DBFA0033B02F /* OsrMenu.m */,
			);
			name = "Checklist Menu Views";
			sourceTree = "<group>";
		};
		295183F618861BE00033B02F /* Sector TBar Files */ = {
			isa = PBXGroup;
			children = (
				295183F718861C290033B02F /* SectorTBarView.h */,
				295183F818861C290033B02F /* SectorTBarView.m */,
				295183FB188623B50033B02F /* SectorTBarDelegate.h */,
				294B21F7188D994C00E6B0F9 /* SectorTbarContainerView.h */,
				294B21F8188D994C00E6B0F9 /* SectorTbarContainerView.m */,
			);
			name = "Sector TBar Files";
			sourceTree = "<group>";
		};
		295D45C418A0702A003AF1BF /* Models */ = {
			isa = PBXGroup;
			children = (
				295D45C118A0701E003AF1BF /* Incident.h */,
				295D45C218A0701E003AF1BF /* Incident.m */,
			);
			name = Models;
			sourceTree = "<group>";
		};
		295D45C518A09DA1003AF1BF /* Dialogs */ = {
			isa = PBXGroup;
			children = (
				29F79D0E18ABDDBD00436D66 /* UnitDialog */,
				29F79D0918ABD7EA00436D66 /* SectorDialog */,
				297D3E8018A1280100B53F7C /* ParDialog */,
				295D45C618A09DC0003AF1BF /* PsiDialog */,
				2901EDFE189F447400957900 /* VerifyDialog */,
				29C3B8A71893587F00B81766 /* SafetyButton */,
				29C3B8A61893587300B81766 /* ModeButton */,
			);
			name = Dialogs;
			sourceTree = "<group>";
		};
		295D45C618A09DC0003AF1BF /* PsiDialog */ = {
			isa = PBXGroup;
			children = (
				295D45C718A09E08003AF1BF /* PsiDialog.h */,
				295D45C818A09E08003AF1BF /* PsiDialog.m */,
				295D45CA18A09E18003AF1BF /* PsiDialogDelegate.h */,
			);
			name = PsiDialog;
			sourceTree = "<group>";
		};
		297D3E8018A1280100B53F7C /* ParDialog */ = {
			isa = PBXGroup;
			children = (
				297D3E8218A1283500B53F7C /* ParDialog.h */,
				297D3E8318A1283500B53F7C /* ParDialog.m */,
				297D3E8118A1282900B53F7C /* ParDialogDelegate.h */,
			);
			name = ParDialog;
			sourceTree = "<group>";
		};
		29C3B8A61893587300B81766 /* ModeButton */ = {
			isa = PBXGroup;
			children = (
				29ACE64D1890C8EF00575276 /* ModeButton.h */,
				29ACE64E1890C8EF00575276 /* ModeButton.m */,
				29ACE6501890D17A00575276 /* ModeDialog.h */,
				29ACE6511890D17A00575276 /* ModeDialog.m */,
				29ACE6531890DE5500575276 /* ModeButtonDelegate.h */,
				29ACE6541890E7C400575276 /* ModeDialogContainer.h */,
				29ACE6551890E7C400575276 /* ModeDialogContainer.m */,
			);
			name = ModeButton;
			sourceTree = "<group>";
		};
		29C3B8A71893587F00B81766 /* SafetyButton */ = {
			isa = PBXGroup;
			children = (
				29C5C4BD189232BD00DFE5CE /* SafetyButton.h */,
				29C5C4BE189232BD00DFE5CE /* SafetyButton.m */,
				29C3B8A31893586700B81766 /* SafetyDialog.h */,
				29C3B8A41893586700B81766 /* SafetyDialog.m */,
				29C3B8AB189358C500B81766 /* SafetyButtonDelegate.h */,
				29C3B8A81893589C00B81766 /* SafetyDialogContainer.h */,
				29C3B8A91893589C00B81766 /* SafetyDialogContainer.m */,
			);
			name = SafetyButton;
			sourceTree = "<group>";
		};
		29E42C2F18942E6E002E8CC3 /* Transactions */ = {
			isa = PBXGroup;
			children = (
				29E42C3018942EA2002E8CC3 /* Transaction.h */,
				29E42C3118942EA2002E8CC3 /* Transaction.m */,
				29E42C36189434EB002E8CC3 /* TransactionLogger.h */,
				29E42C37189434EB002E8CC3 /* TransactionLogger.m */,
				29E42C3918946BB6002E8CC3 /* TransactionFormatter.h */,
				29E42C3A18946BB6002E8CC3 /* TransactionFormatter.m */,
			);
			name = Transactions;
			sourceTree = "<group>";
		};
		29E42C3C18946BE9002E8CC3 /* Report */ = {
			isa = PBXGroup;
			children = (
				29E42C3D18946CAF002E8CC3 /* ReportFormatter.h */,
				29E42C3E18946CAF002E8CC3 /* ReportFormatter.m */,
			);
			name = Report;
			sourceTree = "<group>";
		};
		29F79D0918ABD7EA00436D66 /* SectorDialog */ = {
			isa = PBXGroup;
			children = (
				29F79D0B18ABD82000436D66 /* SectorDialog.h */,
				29F79D0C18ABD82000436D66 /* SectorDialog.m */,
				29F79D0A18ABD81000436D66 /* SectorDialogDelegate.h */,
			);
			name = SectorDialog;
			sourceTree = "<group>";
		};
		29F79D0E18ABDDBD00436D66 /* UnitDialog */ = {
			isa = PBXGroup;
			children = (
				29F79D0F18ABDDCA00436D66 /* UnitDialog.h */,
				29F79D1018ABDDCA00436D66 /* UnitDialog.m */,
				29F79D1218ABDDD500436D66 /* UnitDialogDelegate.h */,
			);
			name = UnitDialog;
			sourceTree = "<group>";
		};
/* End PBXGroup section */

/* Begin PBXNativeTarget section */
		290785251883B032008B1B7D /* Ictracker */ = {
			isa = PBXNativeTarget;
			buildConfigurationList = 290785581883B032008B1B7D /* Build configuration list for PBXNativeTarget "Ictracker" */;
			buildPhases = (
				290785221883B032008B1B7D /* Sources */,
				290785231883B032008B1B7D /* Frameworks */,
				290785241883B032008B1B7D /* Resources */,
			);
			buildRules = (
			);
			dependencies = (
			);
			name = Ictracker;
			productName = Ictracker;
			productReference = 290785261883B032008B1B7D /* Ictracker.app */;
			productType = "com.apple.product-type.application";
		};
		290785461883B032008B1B7D /* IctrackerTests */ = {
			isa = PBXNativeTarget;
			buildConfigurationList = 2907855B1883B032008B1B7D /* Build configuration list for PBXNativeTarget "IctrackerTests" */;
			buildPhases = (
				290785431883B032008B1B7D /* Sources */,
				290785441883B032008B1B7D /* Frameworks */,
				290785451883B032008B1B7D /* Resources */,
			);
			buildRules = (
			);
			dependencies = (
				2907854D1883B032008B1B7D /* PBXTargetDependency */,
			);
			name = IctrackerTests;
			productName = IctrackerTests;
			productReference = 290785471883B032008B1B7D /* IctrackerTests.xctest */;
			productType = "com.apple.product-type.bundle.unit-test";
		};
/* End PBXNativeTarget section */

/* Begin PBXProject section */
		2907851E1883B032008B1B7D /* Project object */ = {
			isa = PBXProject;
			attributes = {
				CLASSPREFIX = Ict;
				LastUpgradeCheck = 0500;
				ORGANIZATIONNAME = cook;
				TargetAttributes = {
					290785251883B032008B1B7D = {
						DevelopmentTeam = 5HL9K394SH;
					};
					290785461883B032008B1B7D = {
						TestTargetID = 290785251883B032008B1B7D;
					};
				};
			};
			buildConfigurationList = 290785211883B032008B1B7D /* Build configuration list for PBXProject "Ictracker" */;
			compatibilityVersion = "Xcode 3.2";
			developmentRegion = English;
			hasScannedForEncodings = 0;
			knownRegions = (
				en,
				Base,
			);
			mainGroup = 2907851D1883B032008B1B7D;
			productRefGroup = 290785271883B032008B1B7D /* Products */;
			projectDirPath = "";
			projectRoot = "";
			targets = (
				290785251883B032008B1B7D /* Ictracker */,
				290785461883B032008B1B7D /* IctrackerTests */,
			);
		};
/* End PBXProject section */

/* Begin PBXResourcesBuildPhase section */
		290785241883B032008B1B7D /* Resources */ = {
			isa = PBXResourcesBuildPhase;
			buildActionMask = 2147483647;
			files = (
				290785421883B032008B1B7D /* Images.xcassets in Resources */,
				290785341883B032008B1B7D /* InfoPlist.strings in Resources */,
				2907853D1883B032008B1B7D /* Main.storyboard in Resources */,
			);
			runOnlyForDeploymentPostprocessing = 0;
		};
		290785451883B032008B1B7D /* Resources */ = {
			isa = PBXResourcesBuildPhase;
			buildActionMask = 2147483647;
			files = (
				290785531883B032008B1B7D /* InfoPlist.strings in Resources */,
			);
			runOnlyForDeploymentPostprocessing = 0;
		};
/* End PBXResourcesBuildPhase section */

/* Begin PBXSourcesBuildPhase section */
		290785221883B032008B1B7D /* Sources */ = {
			isa = PBXSourcesBuildPhase;
			buildActionMask = 2147483647;
			files = (
				29ACE64F1890C8EF00575276 /* ModeButton.m in Sources */,
				295183DE1884DBA60033B02F /* ObjectivesMenu.m in Sources */,
				2901EDFA189F123700957900 /* ChandlerUnitsView.m in Sources */,
				295183F918861C290033B02F /* SectorTBarView.m in Sources */,
				290785401883B032008B1B7D /* IctViewController.m in Sources */,
				295183E11884DBFA0033B02F /* OsrMenu.m in Sources */,
				295183D41884D6230033B02F /* SectorMenu.m in Sources */,
				293B1B881898A5AA00FCFBD7 /* IncidentEntryView.m in Sources */,
				29E42C3F18946CAF002E8CC3 /* ReportFormatter.m in Sources */,
				297D3E8418A1283500B53F7C /* ParDialog.m in Sources */,
				29C5C4BF189232BD00DFE5CE /* SafetyButton.m in Sources */,
				29F79D0D18ABD82000436D66 /* SectorDialog.m in Sources */,
				295183E41884DC250033B02F /* NotesMenu.m in Sources */,
				29ACE6521890D17A00575276 /* ModeDialog.m in Sources */,
				290785791883C960008B1B7D /* AjUnitsView.m in Sources */,
				294B21FC188DEC5F00E6B0F9 /* TimerView.m in Sources */,
				290D0AEA189724B90061C7D0 /* PdfView.m in Sources */,
				29E42C3B18946BB6002E8CC3 /* TransactionFormatter.m in Sources */,
				295183E71884E2550033B02F /* GilbertUnitsView.m in Sources */,
				295183F21885006C0033B02F /* ChecklistView.m in Sources */,
				29C3B8A51893586700B81766 /* SafetyDialog.m in Sources */,
				295D45C318A0701E003AF1BF /* Incident.m in Sources */,
				294B21F9188D994C00E6B0F9 /* SectorTbarContainerView.m in Sources */,
				295D45C918A09E08003AF1BF /* PsiDialog.m in Sources */,
				290785731883C6FF008B1B7D /* MenuContainerView.m in Sources */,
				290785361883B032008B1B7D /* main.m in Sources */,
				290785611883B0A9008B1B7D /* MenuSelectorView.m in Sources */,
				29E42C3218942EA2002E8CC3 /* Transaction.m in Sources */,
				295183D81884DAD60033B02F /* ActionsMenu.m in Sources */,
				29E42C38189434EB002E8CC3 /* TransactionLogger.m in Sources */,
				293B1B851898A22000FCFBD7 /* IctTextField.m in Sources */,
				295183DB1884DB5C0033B02F /* BenchmarksMenu.m in Sources */,
				290785641883B12C008B1B7D /* Utils.m in Sources */,
				295183EA1884F23B0033B02F /* CityUnitsView.m in Sources */,
				290D0AE218960BBA0061C7D0 /* ImgButton.m in Sources */,
				290AE71B189A0AE5003832FF /* QueenCreekUnitsView.m in Sources */,
				295183ED1884F83B0033B02F /* WideItemsMenuView.m in Sources */,
				290785681883B1CE008B1B7D /* ButtonView.m in Sources */,
				290785701883C62B008B1B7D /* UnitMenu.m in Sources */,
				29F79D1118ABDDCA00436D66 /* UnitDialog.m in Sources */,
				290D0AE51896110C0061C7D0 /* FireView.m in Sources */,
				2907853A1883B032008B1B7D /* IctAppDelegate.m in Sources */,
				29C3B8AA1893589C00B81766 /* SafetyDialogContainer.m in Sources */,
				29ACE6561890E7C400575276 /* ModeDialogContainer.m in Sources */,
				290AE721189A0E67003832FF /* TempeUnitsView.m in Sources */,
				290785761883C86B008B1B7D /* MesaUnitsView.m in Sources */,
				2901EDFD189F445800957900 /* VerifyDialog.m in Sources */,
				290D0ADE1895D0230061C7D0 /* SplashView.m in Sources */,
			);
			runOnlyForDeploymentPostprocessing = 0;
		};
		290785431883B032008B1B7D /* Sources */ = {
			isa = PBXSourcesBuildPhase;
			buildActionMask = 2147483647;
			files = (
				290785551883B032008B1B7D /* IctrackerTests.m in Sources */,
			);
			runOnlyForDeploymentPostprocessing = 0;
		};
/* End PBXSourcesBuildPhase section */

/* Begin PBXTargetDependency section */
		2907854D1883B032008B1B7D /* PBXTargetDependency */ = {
			isa = PBXTargetDependency;
			target = 290785251883B032008B1B7D /* Ictracker */;
			targetProxy = 2907854C1883B032008B1B7D /* PBXContainerItemProxy */;
		};
/* End PBXTargetDependency section */

/* Begin PBXVariantGroup section */
		290785321883B032008B1B7D /* InfoPlist.strings */ = {
			isa = PBXVariantGroup;
			children = (
				290785331883B032008B1B7D /* en */,
			);
			name = InfoPlist.strings;
			sourceTree = "<group>";
		};
		2907853B1883B032008B1B7D /* Main.storyboard */ = {
			isa = PBXVariantGroup;
			children = (
				2907853C1883B032008B1B7D /* Base */,
			);
			name = Main.storyboard;
			sourceTree = "<group>";
		};
		290785511883B032008B1B7D /* InfoPlist.strings */ = {
			isa = PBXVariantGroup;
			children = (
				290785521883B032008B1B7D /* en */,
			);
			name = InfoPlist.strings;
			sourceTree = "<group>";
		};
/* End PBXVariantGroup section */

/* Begin XCBuildConfiguration section */
		290785561883B032008B1B7D /* Debug */ = {
			isa = XCBuildConfiguration;
			buildSettings = {
				ALWAYS_SEARCH_USER_PATHS = NO;
				ARCHS = "$(ARCHS_STANDARD_INCLUDING_64_BIT)";
				CLANG_CXX_LANGUAGE_STANDARD = "gnu++0x";
				CLANG_CXX_LIBRARY = "libc++";
				CLANG_ENABLE_MODULES = YES;
				CLANG_ENABLE_OBJC_ARC = YES;
				CLANG_WARN_BOOL_CONVERSION = YES;
				CLANG_WARN_CONSTANT_CONVERSION = YES;
				CLANG_WARN_DIRECT_OBJC_ISA_USAGE = YES_ERROR;
				CLANG_WARN_EMPTY_BODY = YES;
				CLANG_WARN_ENUM_CONVERSION = YES;
				CLANG_WARN_INT_CONVERSION = YES;
				CLANG_WARN_OBJC_ROOT_CLASS = YES_ERROR;
				CLANG_WARN__DUPLICATE_METHOD_MATCH = YES;
				"CODE_SIGN_IDENTITY[sdk=iphoneos*]" = "iPhone Developer";
				COPY_PHASE_STRIP = NO;
				GCC_C_LANGUAGE_STANDARD = gnu99;
				GCC_DYNAMIC_NO_PIC = NO;
				GCC_OPTIMIZATION_LEVEL = 0;
				GCC_PREPROCESSOR_DEFINITIONS = (
					"DEBUG=1",
					"$(inherited)",
				);
				GCC_SYMBOLS_PRIVATE_EXTERN = NO;
				GCC_WARN_64_TO_32_BIT_CONVERSION = YES;
				GCC_WARN_ABOUT_RETURN_TYPE = YES_ERROR;
				GCC_WARN_UNDECLARED_SELECTOR = YES;
				GCC_WARN_UNINITIALIZED_AUTOS = YES;
				GCC_WARN_UNUSED_FUNCTION = YES;
				GCC_WARN_UNUSED_VARIABLE = YES;
				IPHONEOS_DEPLOYMENT_TARGET = 7.0;
				ONLY_ACTIVE_ARCH = YES;
				SDKROOT = iphoneos;
				TARGETED_DEVICE_FAMILY = 2;
			};
			name = Debug;
		};
		290785571883B032008B1B7D /* Release */ = {
			isa = XCBuildConfiguration;
			buildSettings = {
				ALWAYS_SEARCH_USER_PATHS = NO;
				ARCHS = "$(ARCHS_STANDARD_INCLUDING_64_BIT)";
				CLANG_CXX_LANGUAGE_STANDARD = "gnu++0x";
				CLANG_CXX_LIBRARY = "libc++";
				CLANG_ENABLE_MODULES = YES;
				CLANG_ENABLE_OBJC_ARC = YES;
				CLANG_WARN_BOOL_CONVERSION = YES;
				CLANG_WARN_CONSTANT_CONVERSION = YES;
				CLANG_WARN_DIRECT_OBJC_ISA_USAGE = YES_ERROR;
				CLANG_WARN_EMPTY_BODY = YES;
				CLANG_WARN_ENUM_CONVERSION = YES;
				CLANG_WARN_INT_CONVERSION = YES;
				CLANG_WARN_OBJC_ROOT_CLASS = YES_ERROR;
				CLANG_WARN__DUPLICATE_METHOD_MATCH = YES;
				"CODE_SIGN_IDENTITY[sdk=iphoneos*]" = "iPhone Developer";
				COPY_PHASE_STRIP = YES;
				ENABLE_NS_ASSERTIONS = NO;
				GCC_C_LANGUAGE_STANDARD = gnu99;
				GCC_WARN_64_TO_32_BIT_CONVERSION = YES;
				GCC_WARN_ABOUT_RETURN_TYPE = YES_ERROR;
				GCC_WARN_UNDECLARED_SELECTOR = YES;
				GCC_WARN_UNINITIALIZED_AUTOS = YES;
				GCC_WARN_UNUSED_FUNCTION = YES;
				GCC_WARN_UNUSED_VARIABLE = YES;
				IPHONEOS_DEPLOYMENT_TARGET = 7.0;
				SDKROOT = iphoneos;
				TARGETED_DEVICE_FAMILY = 2;
				VALIDATE_PRODUCT = YES;
			};
			name = Release;
		};
		290785591883B032008B1B7D /* Debug */ = {
			isa = XCBuildConfiguration;
			buildSettings = {
				ASSETCATALOG_COMPILER_APPICON_NAME = AppIcon;
				ASSETCATALOG_COMPILER_LAUNCHIMAGE_NAME = LaunchImage;
				CODE_SIGN_IDENTITY = "iPhone Developer";
				"CODE_SIGN_IDENTITY[sdk=iphoneos*]" = "iPhone Developer";
				GCC_PRECOMPILE_PREFIX_HEADER = YES;
				GCC_PREFIX_HEADER = "Ictracker/Ictracker-Prefix.pch";
				INFOPLIST_FILE = "Ictracker/Ictracker-Info.plist";
				PRODUCT_NAME = "$(TARGET_NAME)";
				PROVISIONING_PROFILE = "";
				WRAPPER_EXTENSION = app;
			};
			name = Debug;
		};
		2907855A1883B032008B1B7D /* Release */ = {
			isa = XCBuildConfiguration;
			buildSettings = {
				ASSETCATALOG_COMPILER_APPICON_NAME = AppIcon;
				ASSETCATALOG_COMPILER_LAUNCHIMAGE_NAME = LaunchImage;
				CODE_SIGN_IDENTITY = "iPhone Developer";
				"CODE_SIGN_IDENTITY[sdk=iphoneos*]" = "iPhone Developer";
				GCC_PRECOMPILE_PREFIX_HEADER = YES;
				GCC_PREFIX_HEADER = "Ictracker/Ictracker-Prefix.pch";
				INFOPLIST_FILE = "Ictracker/Ictracker-Info.plist";
				PRODUCT_NAME = "$(TARGET_NAME)";
				PROVISIONING_PROFILE = "";
				WRAPPER_EXTENSION = app;
			};
			name = Release;
		};
		2907855C1883B032008B1B7D /* Debug */ = {
			isa = XCBuildConfiguration;
			buildSettings = {
				ARCHS = "$(ARCHS_STANDARD_INCLUDING_64_BIT)";
				BUNDLE_LOADER = "$(BUILT_PRODUCTS_DIR)/Ictracker.app/Ictracker";
				FRAMEWORK_SEARCH_PATHS = (
					"$(SDKROOT)/Developer/Library/Frameworks",
					"$(inherited)",
					"$(DEVELOPER_FRAMEWORKS_DIR)",
				);
				GCC_PRECOMPILE_PREFIX_HEADER = YES;
				GCC_PREFIX_HEADER = "Ictracker/Ictracker-Prefix.pch";
				GCC_PREPROCESSOR_DEFINITIONS = (
					"DEBUG=1",
					"$(inherited)",
				);
				INFOPLIST_FILE = "IctrackerTests/IctrackerTests-Info.plist";
				PRODUCT_NAME = "$(TARGET_NAME)";
				TEST_HOST = "$(BUNDLE_LOADER)";
				WRAPPER_EXTENSION = xctest;
			};
			name = Debug;
		};
		2907855D1883B032008B1B7D /* Release */ = {
			isa = XCBuildConfiguration;
			buildSettings = {
				ARCHS = "$(ARCHS_STANDARD_INCLUDING_64_BIT)";
				BUNDLE_LOADER = "$(BUILT_PRODUCTS_DIR)/Ictracker.app/Ictracker";
				FRAMEWORK_SEARCH_PATHS = (
					"$(SDKROOT)/Developer/Library/Frameworks",
					"$(inherited)",
					"$(DEVELOPER_FRAMEWORKS_DIR)",
				);
				GCC_PRECOMPILE_PREFIX_HEADER = YES;
				GCC_PREFIX_HEADER = "Ictracker/Ictracker-Prefix.pch";
				INFOPLIST_FILE = "IctrackerTests/IctrackerTests-Info.plist";
				PRODUCT_NAME = "$(TARGET_NAME)";
				TEST_HOST = "$(BUNDLE_LOADER)";
				WRAPPER_EXTENSION = xctest;
			};
			name = Release;
		};
/* End XCBuildConfiguration section */

/* Begin XCConfigurationList section */
		290785211883B032008B1B7D /* Build configuration list for PBXProject "Ictracker" */ = {
			isa = XCConfigurationList;
			buildConfigurations = (
				290785561883B032008B1B7D /* Debug */,
				290785571883B032008B1B7D /* Release */,
			);
			defaultConfigurationIsVisible = 0;
			defaultConfigurationName = Release;
		};
		290785581883B032008B1B7D /* Build configuration list for PBXNativeTarget "Ictracker" */ = {
			isa = XCConfigurationList;
			buildConfigurations = (
				290785591883B032008B1B7D /* Debug */,
				2907855A1883B032008B1B7D /* Release */,
			);
			defaultConfigurationIsVisible = 0;
			defaultConfigurationName = Release;
		};
		2907855B1883B032008B1B7D /* Build configuration list for PBXNativeTarget "IctrackerTests" */ = {
			isa = XCConfigurationList;
			buildConfigurations = (
				2907855C1883B032008B1B7D /* Debug */,
				2907855D1883B032008B1B7D /* Release */,
			);
			defaultConfigurationIsVisible = 0;
			defaultConfigurationName = Release;
		};
/* End XCConfigurationList section */
	};
	rootObject = 2907851E1883B032008B1B7D /* Project object */;
}
